Microsoft Visual Studio Solution File, Format Version 12.00
# Visual Studio Version 17
VisualStudioVersion = 17.0.32126.317
MinimumVisualStudioVersion = 10.0.40219.1
Project("{FAE04EC0-301F-11D3-BF4B-00C04F79EFBC}") = "Pomodoro", "PomodoroTimer\Pomodoro.csproj", "{690F3366-1B97-41AE-A8E3-2E69D3FC91D3}"
EndProject
Project("{54435603-DBB4-11D2-8724-00A0C9A8B90C}") = "PomodoroTimerSetup", "PomodoroTimerSetup\PomodoroTimerSetup.vdproj", "{1F5619C8-1BF0-48DA-BEB8-6EF0FF30EAC6}"
EndProject
Global
	GlobalSection(SolutionConfigurationPlatforms) = preSolution
		Debug|Any CPU = Debug|Any CPU
		Release|Any CPU = Release|Any CPU
	EndGlobalSection
	GlobalSection(ProjectConfigurationPlatforms) = postSolution
		{690F3366-1B97-41AE-A8E3-2E69D3FC91D3}.Debug|Any CPU.ActiveCfg = Debug|Any CPU
		{690F3366-1B97-41AE-A8E3-2E69D3FC91D3}.Debug|Any CPU.Build.0 = Debug|Any CPU
		{690F3366-1B97-41AE-A8E3-2E69D3FC91D3}.Release|Any CPU.ActiveCfg = Release|Any CPU
		{690F3366-1B97-41AE-A8E3-2E69D3FC91D3}.Release|Any CPU.Build.0 = Release|Any CPU
		{1F5619C8-1BF0-48DA-BEB8-6EF0FF30EAC6}.Debug|Any CPU.ActiveCfg = Debug
		{1F5619C8-1BF0-48DA-BEB8-6EF0FF30EAC6}.Release|Any CPU.ActiveCfg = Release
		{1F5619C8-1BF0-48DA-BEB8-6EF0FF30EAC6}.Release|Any CPU.Build.0 = Release
	EndGlobalSection
	GlobalSection(SolutionProperties) = preSolution
		HideSolutionNode = FALSE
	EndGlobalSection
	GlobalSection(ExtensibilityGlobals) = postSolution
		SolutionGuid = {E9BF3E0F-6AF7-489A-A0B9-D2B0623605BE}
	EndGlobalSection
EndGlobal
